
Microsoft Visual Studio Solution File, Format Version 12.00
# Visual Studio Version 17
VisualStudioVersion = 17.12.35527.113 d17.12
MinimumVisualStudioVersion = 10.0.40219.1
Project("{FAE04EC0-301F-11D3-BF4B-00C04F79EFBC}") = "Ex04.Menus.Interfaces", "Ex04.Menus.Interfaces\Ex04.Menus.Interfaces.csproj", "{807375B8-FB73-4E78-A965-327D58407B93}"
EndProject
Project("{FAE04EC0-301F-11D3-BF4B-00C04F79EFBC}") = "Ex04.Menus.Test", "Ex04.Menus.Test\Ex04.Menus.Test.csproj", "{3CFF1AD7-7091-4848-9FD7-0D79FEAC8FC8}"
EndProject
Project("{FAE04EC0-301F-11D3-BF4B-00C04F79EFBC}") = "Ex04.Menus.Events", "Ex04.Menus.Events\Ex04.Menus.Events.csproj", "{B69AFF97-5D81-483F-9FED-7DE7A9D463FE}"
EndProject
Global
	GlobalSection(SolutionConfigurationPlatforms) = preSolution
		Debug|Any CPU = Debug|Any CPU
		Release|Any CPU = Release|Any CPU
	EndGlobalSection
	GlobalSection(ProjectConfigurationPlatforms) = postSolution
		{807375B8-FB73-4E78-A965-327D58407B93}.Debug|Any CPU.ActiveCfg = Debug|Any CPU
		{807375B8-FB73-4E78-A965-327D58407B93}.Debug|Any CPU.Build.0 = Debug|Any CPU
		{807375B8-FB73-4E78-A965-327D58407B93}.Release|Any CPU.ActiveCfg = Release|Any CPU
		{807375B8-FB73-4E78-A965-327D58407B93}.Release|Any CPU.Build.0 = Release|Any CPU
		{3CFF1AD7-7091-4848-9FD7-0D79FEAC8FC8}.Debug|Any CPU.ActiveCfg = Debug|Any CPU
		{3CFF1AD7-7091-4848-9FD7-0D79FEAC8FC8}.Debug|Any CPU.Build.0 = Debug|Any CPU
		{3CFF1AD7-7091-4848-9FD7-0D79FEAC8FC8}.Release|Any CPU.ActiveCfg = Release|Any CPU
		{3CFF1AD7-7091-4848-9FD7-0D79FEAC8FC8}.Release|Any CPU.Build.0 = Release|Any CPU
		{B69AFF97-5D81-483F-9FED-7DE7A9D463FE}.Debug|Any CPU.ActiveCfg = Debug|Any CPU
		{B69AFF97-5D81-483F-9FED-7DE7A9D463FE}.Debug|Any CPU.Build.0 = Debug|Any CPU
		{B69AFF97-5D81-483F-9FED-7DE7A9D463FE}.Release|Any CPU.ActiveCfg = Release|Any CPU
		{B69AFF97-5D81-483F-9FED-7DE7A9D463FE}.Release|Any CPU.Build.0 = Release|Any CPU
	EndGlobalSection
	GlobalSection(SolutionProperties) = preSolution
		HideSolutionNode = FALSE
	EndGlobalSection
EndGlobal
